github.com/antlr/antlr4 v0.0.0-20190325153624-837aa60e2c47 h1:Lp5nUoQzppfVmfZadpzAytNyb5IMtxyOJLzoQS5dExg=
github.com/antlr/antlr4 v0.0.0-20190325153624-837aa60e2c47/go.mod h1:T7PbCXFs94rrTttyxjbyT5+/1V8T2TYDejxUfHJjw1Y=
github.com/levin9/formula v0.0.0-20200101154413-562f34da0e84 h1:m/Nj6RJxD5q8Bwn6PAoCz37uWmliH9PmBzRvbG/jSKI=
github.com/levin9/formula v0.0.0-20200101154413-562f34da0e84/go.mod h1:oqDNuWbdrRg0wdSlg6yVVM1sMNnahLt3zZjFOgZp0Fc=
github.com/yidane/formula v0.0.0-20190507083929-d272721f4dd9 h1:2+qU6sOgvrkicbUwIclAZ67nFOaM2mu5/1J22+I/3MU=
github.com/yidane/formula v0.0.0-20190507083929-d272721f4dd9/go.mod h1:vUhtXwXDSh8NKHxIGRY1HvLhoC4Hba1RL62whvmtPUk=
